
Microsoft Visual Studio Solution File, Format Version 12.00
# Visual Studio Version 17
VisualStudioVersion = 17.1.32421.90
MinimumVisualStudioVersion = 10.0.40219.1
Project("{8BC9CEB8-8B4A-11D0-8D11-00A0C91BC942}") = "EquationSolve", "EquationSolve\EquationSolve.vcxproj", "{82C9D562-C4F5-4716-8E0E-28F3FC3B83B8}"
EndProject
Project("{8BC9CEB8-8B4A-11D0-8D11-00A0C91BC942}") = "TemplateTest1", "TemplateTest1\TemplateTest1.vcxproj", "{FC18BEBA-18E5-45E8-9118-5DF92DC6F80E}"
EndProject
Global
	GlobalSection(SolutionConfigurationPlatforms) = preSolution
		Debug|x64 = Debug|x64
		Debug|x86 = Debug|x86
		Release|x64 = Release|x64
		Release|x86 = Release|x86
	EndGlobalSection
	GlobalSection(ProjectConfigurationPlatforms) = postSolution
		{82C9D562-C4F5-4716-8E0E-28F3FC3B83B8}.Debug|x64.ActiveCfg = Debug|x64
		{82C9D562-C4F5-4716-8E0E-28F3FC3B83B8}.Debug|x64.Build.0 = Debug|x64
		{82C9D562-C4F5-4716-8E0E-28F3FC3B83B8}.Debug|x86.ActiveCfg = Debug|Win32
		{82C9D562-C4F5-4716-8E0E-28F3FC3B83B8}.Debug|x86.Build.0 = Debug|Win32
		{82C9D562-C4F5-4716-8E0E-28F3FC3B83B8}.Release|x64.ActiveCfg = Release|x64
		{82C9D562-C4F5-4716-8E0E-28F3FC3B83B8}.Release|x64.Build.0 = Release|x64
		{82C9D562-C4F5-4716-8E0E-28F3FC3B83B8}.Release|x86.ActiveCfg = Release|Win32
		{82C9D562-C4F5-4716-8E0E-28F3FC3B83B8}.Release|x86.Build.0 = Release|Win32
		{FC18BEBA-18E5-45E8-9118-5DF92DC6F80E}.Debug|x64.ActiveCfg = Debug|x64
		{FC18BEBA-18E5-45E8-9118-5DF92DC6F80E}.Debug|x64.Build.0 = Debug|x64
		{FC18BEBA-18E5-45E8-9118-5DF92DC6F80E}.Debug|x86.ActiveCfg = Debug|Win32
		{FC18BEBA-18E5-45E8-9118-5DF92DC6F80E}.Debug|x86.Build.0 = Debug|Win32
		{FC18BEBA-18E5-45E8-9118-5DF92DC6F80E}.Release|x64.ActiveCfg = Release|x64
		{FC18BEBA-18E5-45E8-9118-5DF92DC6F80E}.Release|x64.Build.0 = Release|x64
		{FC18BEBA-18E5-45E8-9118-5DF92DC6F80E}.Release|x86.ActiveCfg = Release|Win32
		{FC18BEBA-18E5-45E8-9118-5DF92DC6F80E}.Release|x86.Build.0 = Release|Win32
	EndGlobalSection
	GlobalSection(SolutionProperties) = preSolution
		HideSolutionNode = FALSE
	EndGlobalSection
	GlobalSection(ExtensibilityGlobals) = postSolution
		SolutionGuid = {0C0F4721-F851-4FFC-BBDA-1E9544C38CFE}
	EndGlobalSection
EndGlobal
